Microsoft Visual Studio Solution File, Format Version 11.00
# Visual Studio 2010
Project("{8BC9CEB8-8B4A-11D0-8D11-00A0C91BC942}") = "AclUIAdapter", "AclUIAdapter\AclUIAdapter.vcxproj", "{E7330E2F-C54E-4FDB-B81D-D9C65506BB55}"
EndProject
Project("{FAE04EC0-301F-11D3-BF4B-00C04F79EFBC}") = "TestApplication", "TestApplication\TestApplication.csproj", "{2ABF5A28-1AAA-4A7A-8D74-5D2D3DD7FA90}"
EndProject
Global
	GlobalSection(SolutionConfigurationPlatforms) = preSolution
		Debug|Any CPU = Debug|Any CPU
		Debug|Mixed Platforms = Debug|Mixed Platforms
		Debug|Win32 = Debug|Win32
		Debug|x86 = Debug|x86
		Release|Any CPU = Release|Any CPU
		Release|Mixed Platforms = Release|Mixed Platforms
		Release|Win32 = Release|Win32
		Release|x86 = Release|x86
	EndGlobalSection
	GlobalSection(ProjectConfigurationPlatforms) = postSolution
		{E7330E2F-C54E-4FDB-B81D-D9C65506BB55}.Debug|Any CPU.ActiveCfg = Debug|Win32
		{E7330E2F-C54E-4FDB-B81D-D9C65506BB55}.Debug|Mixed Platforms.ActiveCfg = Debug|Win32
		{E7330E2F-C54E-4FDB-B81D-D9C65506BB55}.Debug|Mixed Platforms.Build.0 = Debug|Win32
		{E7330E2F-C54E-4FDB-B81D-D9C65506BB55}.Debug|Win32.ActiveCfg = Debug|Win32
		{E7330E2F-C54E-4FDB-B81D-D9C65506BB55}.Debug|Win32.Build.0 = Debug|Win32
		{E7330E2F-C54E-4FDB-B81D-D9C65506BB55}.Debug|x86.ActiveCfg = Debug|Win32
		{E7330E2F-C54E-4FDB-B81D-D9C65506BB55}.Release|Any CPU.ActiveCfg = Release|Win32
		{E7330E2F-C54E-4FDB-B81D-D9C65506BB55}.Release|Mixed Platforms.ActiveCfg = Release|Win32
		{E7330E2F-C54E-4FDB-B81D-D9C65506BB55}.Release|Mixed Platforms.Build.0 = Release|Win32
		{E7330E2F-C54E-4FDB-B81D-D9C65506BB55}.Release|Win32.ActiveCfg = Release|Win32
		{E7330E2F-C54E-4FDB-B81D-D9C65506BB55}.Release|Win32.Build.0 = Release|Win32
		{E7330E2F-C54E-4FDB-B81D-D9C65506BB55}.Release|x86.ActiveCfg = Release|Win32
		{2ABF5A28-1AAA-4A7A-8D74-5D2D3DD7FA90}.Debug|Any CPU.ActiveCfg = Debug|x86
		{2ABF5A28-1AAA-4A7A-8D74-5D2D3DD7FA90}.Debug|Mixed Platforms.ActiveCfg = Debug|x86
		{2ABF5A28-1AAA-4A7A-8D74-5D2D3DD7FA90}.Debug|Mixed Platforms.Build.0 = Debug|x86
		{2ABF5A28-1AAA-4A7A-8D74-5D2D3DD7FA90}.Debug|Win32.ActiveCfg = Debug|x86
		{2ABF5A28-1AAA-4A7A-8D74-5D2D3DD7FA90}.Debug|x86.ActiveCfg = Debug|x86
		{2ABF5A28-1AAA-4A7A-8D74-5D2D3DD7FA90}.Debug|x86.Build.0 = Debug|x86
		{2ABF5A28-1AAA-4A7A-8D74-5D2D3DD7FA90}.Release|Any CPU.ActiveCfg = Release|x86
		{2ABF5A28-1AAA-4A7A-8D74-5D2D3DD7FA90}.Release|Mixed Platforms.ActiveCfg = Release|x86
		{2ABF5A28-1AAA-4A7A-8D74-5D2D3DD7FA90}.Release|Mixed Platforms.Build.0 = Release|x86
		{2ABF5A28-1AAA-4A7A-8D74-5D2D3DD7FA90}.Release|Win32.ActiveCfg = Release|x86
		{2ABF5A28-1AAA-4A7A-8D74-5D2D3DD7FA90}.Release|x86.ActiveCfg = Release|x86
		{2ABF5A28-1AAA-4A7A-8D74-5D2D3DD7FA90}.Release|x86.Build.0 = Release|x86
	EndGlobalSection
	GlobalSection(SolutionProperties) = preSolution
		HideSolutionNode = FALSE
	EndGlobalSection
EndGlobal
